{
  "requires": true,
  "lockfileVersion": 1,
  "dependencies": {
    "@progress/kendo-theme-bootstrap": {
      "version": "4.10.2",
      "resolved": "http://ais-build-w7:81/npm/Frontend/@progress/kendo-theme-bootstrap/-/kendo-theme-bootstrap-4.10.2.tgz",
      "integrity": "sha512-2esnxeOVjP1fTrpPEIK00/16ODfuBTO/YypT1tmiFGFBHH+8JN9wVRwoZJP1hr5QvXKnqYiKozaW22iYaJfZuQ=="
    }
  }
}
